// !$*UTF8*$!
{
	archiveVersion = 1;
	classes = {
	};
	objectVersion = 56;
	objects = {

/* Begin PBXBuildFile section */
		B9EBDBF22BC910C100CC5373 /* Chatgpt_appApp.swift in Sources */ = {isa = PBXBuildFile; fileRef = B9EBDBF12BC910C100CC5373 /* Chatgpt_appApp.swift */; };
		B9EBDBF42BC910C100CC5373 /* ContentView.swift in Sources */ = {isa = PBXBuildFile; fileRef = B9EBDBF32BC910C100CC5373 /* ContentView.swift */; };
		B9EBDBF62BC910C400CC5373 /* Assets.xcassets in Resources */ = {isa = PBXBuildFile; fileRef = B9EBDBF52BC910C400CC5373 /* Assets.xcassets */; };
		B9EBDBF92BC910C400CC5373 /* Preview Assets.xcassets in Resources */ = {isa = PBXBuildFile; fileRef = B9EBDBF82BC910C400CC5373 /* Preview Assets.xcassets */; };
		B9EBDC032BC910C400CC5373 /* Chatgpt_appTests.swift in Sources */ = {isa = PBXBuildFile; fileRef = B9EBDC022BC910C400CC5373 /* Chatgpt_appTests.swift */; };
		B9EBDC0D2BC910C400CC5373 /* Chatgpt_appUITests.swift in Sources */ = {isa = PBXBuildFile; fileRef = B9EBDC0C2BC910C400CC5373 /* Chatgpt_appUITests.swift */; };
		B9EBDC0F2BC910C400CC5373 /* Chatgpt_appUITestsLaunchTests.swift in Sources */ = {isa = PBXBuildFile; fileRef = B9EBDC0E2BC910C400CC5373 /* Chatgpt_appUITestsLaunchTests.swift */; };
		B9EBDC1D2BC9136A00CC5373 /* Movie.swift in Sources */ = {isa = PBXBuildFile; fileRef = B9EBDC1C2BC9136A00CC5373 /* Movie.swift */; };
		B9EBDC1F2BC9139300CC5373 /* MovieViewModel.swift in Sources */ = {isa = PBXBuildFile; fileRef = B9EBDC1E2BC9139300CC5373 /* MovieViewModel.swift */; };
		B9EBDC212BC913DE00CC5373 /* HomeScreen.swift in Sources */ = {isa = PBXBuildFile; fileRef = B9EBDC202BC913DE00CC5373 /* HomeScreen.swift */; };
		B9EBDC232BC9140D00CC5373 /* WatchlistView.swift in Sources */ = {isa = PBXBuildFile; fileRef = B9EBDC222BC9140D00CC5373 /* WatchlistView.swift */; };
		B9EBDC252BC9143100CC5373 /* MovieCard.swift in Sources */ = {isa = PBXBuildFile; fileRef = B9EBDC242BC9143100CC5373 /* MovieCard.swift */; };
		B9EBDC292BC91A8400CC5373 /* MovieDetailsView.swift in Sources */ = {isa = PBXBuildFile; fileRef = B9EBDC282BC91A8400CC5373 /* MovieDetailsView.swift */; };
/* End PBXBuildFile section */

/* Begin PBXContainerItemProxy section */
		B9EBDBFF2BC910C400CC5373 /* PBXContainerItemProxy */ = {
			isa = PBXContainerItemProxy;
			containerPortal = B9EBDBE62BC910C100CC5373 /* Project object */;
			proxyType = 1;
			remoteGlobalIDString = B9EBDBED2BC910C100CC5373;
			remoteInfo = "Chatgpt-app";
		};
		B9EBDC092BC910C400CC5373 /* PBXContainerItemProxy */ = {
			isa = PBXContainerItemProxy;
			containerPortal = B9EBDBE62BC910C100CC5373 /* Project object */;
			proxyType = 1;
			remoteGlobalIDString = B9EBDBED2BC910C100CC5373;
			remoteInfo = "Chatgpt-app";
		};
/* End PBXContainerItemProxy section */

/* Begin PBXFileReference section */
		B9EBDBEE2BC910C100CC5373 /* Chatgpt-app.app */ = {isa = PBXFileReference; explicitFileType = wrapper.application; includeInIndex = 0; path = "Chatgpt-app.app"; sourceTree = BUILT_PRODUCTS_DIR; };
		B9EBDBF12BC910C100CC5373 /* Chatgpt_appApp.swift */ = {isa = PBXFileReference; lastKnownFileType = sourcecode.swift; path = Chatgpt_appApp.swift; sourceTree = "<group>"; };
		B9EBDBF32BC910C100CC5373 /* ContentView.swift */ = {isa = PBXFileReference; lastKnownFileType = sourcecode.swift; path = ContentView.swift; sourceTree = "<group>"; };
		B9EBDBF52BC910C400CC5373 /* Assets.xcassets */ = {isa = PBXFileReference; lastKnownFileType = folder.assetcatalog; path = Assets.xcassets; sourceTree = "<group>"; };
		B9EBDBF82BC910C400CC5373 /* Preview Assets.xcassets */ = {isa = PBXFileReference; lastKnownFileType = folder.assetcatalog; path = "Preview Assets.xcassets"; sourceTree = "<group>"; };
		B9EBDBFE2BC910C400CC5373 /* Chatgpt-appTests.xctest */ = {isa = PBXFileReference; explicitFileType = wrapper.cfbundle; includeInIndex = 0; path = "Chatgpt-appTests.xctest"; sourceTree = BUILT_PRODUCTS_DIR; };
		B9EBDC022BC910C400CC5373 /* Chatgpt_appTests.swift */ = {isa = PBXFileReference; lastKnownFileType = sourcecode.swift; path = Chatgpt_appTests.swift; sourceTree = "<group>"; };
		B9EBDC082BC910C400CC5373 /* Chatgpt-appUITests.xctest */ = {isa = PBXFileReference; explicitFileType = wrapper.cfbundle; includeInIndex = 0; path = "Chatgpt-appUITests.xctest"; sourceTree = BUILT_PRODUCTS_DIR; };
		B9EBDC0C2BC910C400CC5373 /* Chatgpt_appUITests.swift */ = {isa = PBXFileReference; lastKnownFileType = sourcecode.swift; path = Chatgpt_appUITests.swift; sourceTree = "<group>"; };
		B9EBDC0E2BC910C400CC5373 /* Chatgpt_appUITestsLaunchTests.swift */ = {isa = PBXFileReference; lastKnownFileType = sourcecode.swift; path = Chatgpt_appUITestsLaunchTests.swift; sourceTree = "<group>"; };
		B9EBDC1C2BC9136A00CC5373 /* Movie.swift */ = {isa = PBXFileReference; lastKnownFileType = sourcecode.swift; path = Movie.swift; sourceTree = "<group>"; };
		B9EBDC1E2BC9139300CC5373 /* MovieViewModel.swift */ = {isa = PBXFileReference; lastKnownFileType = sourcecode.swift; path = MovieViewModel.swift; sourceTree = "<group>"; };
		B9EBDC202BC913DE00CC5373 /* HomeScreen.swift */ = {isa = PBXFileReference; lastKnownFileType = sourcecode.swift; path = HomeScreen.swift; sourceTree = "<group>"; };
		B9EBDC222BC9140D00CC5373 /* WatchlistView.swift */ = {isa = PBXFileReference; lastKnownFileType = sourcecode.swift; path = WatchlistView.swift; sourceTree = "<group>"; };
		B9EBDC242BC9143100CC5373 /* MovieCard.swift */ = {isa = PBXFileReference; lastKnownFileType = sourcecode.swift; path = MovieCard.swift; sourceTree = "<group>"; };
		B9EBDC282BC91A8400CC5373 /* MovieDetailsView.swift */ = {isa = PBXFileReference; lastKnownFileType = sourcecode.swift; path = MovieDetailsView.swift; sourceTree = "<group>"; };
/* End PBXFileReference section */

/* Begin PBXFrameworksBuildPhase section */
		B9EBDBEB2BC910C100CC5373 /* Frameworks */ = {
			isa = PBXFrameworksBuildPhase;
			buildActionMask = 2147483647;
			files = (
			);
			runOnlyForDeploymentPostprocessing = 0;
		};
		B9EBDBFB2BC910C400CC5373 /* Frameworks */ = {
			isa = PBXFrameworksBuildPhase;
			buildActionMask = 2147483647;
			files = (
			);
			runOnlyForDeploymentPostprocessing = 0;
		};
		B9EBDC052BC910C400CC5373 /* Frameworks */ = {
			isa = PBXFrameworksBuildPhase;
			buildActionMask = 2147483647;
			files = (
			);
			runOnlyForDeploymentPostprocessing = 0;
		};
/* End PBXFrameworksBuildPhase section */

/* Begin PBXGroup section */
		B9EBDBE52BC910C100CC5373 = {
			isa = PBXGroup;
			children = (
				B9EBDBF02BC910C100CC5373 /* Chatgpt-app */,
				B9EBDC012BC910C400CC5373 /* Chatgpt-appTests */,
				B9EBDC0B2BC910C400CC5373 /* Chatgpt-appUITests */,
				B9EBDBEF2BC910C100CC5373 /* Products */,
			);
			sourceTree = "<group>";
		};
		B9EBDBEF2BC910C100CC5373 /* Products */ = {
			isa = PBXGroup;
			children = (
				B9EBDBEE2BC910C100CC5373 /* Chatgpt-app.app */,
				B9EBDBFE2BC910C400CC5373 /* Chatgpt-appTests.xctest */,
				B9EBDC082BC910C400CC5373 /* Chatgpt-appUITests.xctest */,
			);
			name = Products;
			sourceTree = "<group>";
		};
		B9EBDBF02BC910C100CC5373 /* Chatgpt-app */ = {
			isa = PBXGroup;
			children = (
				B9EBDBF12BC910C100CC5373 /* Chatgpt_appApp.swift */,
				B9EBDC1C2BC9136A00CC5373 /* Movie.swift */,
				B9EBDC1E2BC9139300CC5373 /* MovieViewModel.swift */,
				B9EBDC242BC9143100CC5373 /* MovieCard.swift */,
				B9EBDBF32BC910C100CC5373 /* ContentView.swift */,
				B9EBDC202BC913DE00CC5373 /* HomeScreen.swift */,
				B9EBDC282BC91A8400CC5373 /* MovieDetailsView.swift */,
				B9EBDC222BC9140D00CC5373 /* WatchlistView.swift */,
				B9EBDBF52BC910C400CC5373 /* Assets.xcassets */,
				B9EBDBF72BC910C400CC5373 /* Preview Content */,
			);
			path = "Chatgpt-app";
			sourceTree = "<group>";
		};
		B9EBDBF72BC910C400CC5373 /* Preview Content */ = {
			isa = PBXGroup;
			children = (
				B9EBDBF82BC910C400CC5373 /* Preview Assets.xcassets */,
			);
			path = "Preview Content";
			sourceTree = "<group>";
		};
		B9EBDC012BC910C400CC5373 /* Chatgpt-appTests */ = {
			isa = PBXGroup;
			children = (
				B9EBDC022BC910C400CC5373 /* Chatgpt_appTests.swift */,
			);
			path = "Chatgpt-appTests";
			sourceTree = "<group>";
		};
		B9EBDC0B2BC910C400CC5373 /* Chatgpt-appUITests */ = {
			isa = PBXGroup;
			children = (
				B9EBDC0C2BC910C400CC5373 /* Chatgpt_appUITests.swift */,
				B9EBDC0E2BC910C400CC5373 /* Chatgpt_appUITestsLaunchTests.swift */,
			);
			path = "Chatgpt-appUITests";
			sourceTree = "<group>";
		};
/* End PBXGroup section */

/* Begin PBXNativeTarget section */
		B9EBDBED2BC910C100CC5373 /* Chatgpt-app */ = {
			isa = PBXNativeTarget;
			buildConfigurationList = B9EBDC122BC910C400CC5373 /* Build configuration list for PBXNativeTarget "Chatgpt-app" */;
			buildPhases = (
				B9EBDBEA2BC910C100CC5373 /* Sources */,
				B9EBDBEB2BC910C100CC5373 /* Frameworks */,
				B9EBDBEC2BC910C100CC5373 /* Resources */,
			);
			buildRules = (
			);
			dependencies = (
			);
			name = "Chatgpt-app";
			productName = "Chatgpt-app";
			productReference = B9EBDBEE2BC910C100CC5373 /* Chatgpt-app.app */;
			productType = "com.apple.product-type.application";
		};
		B9EBDBFD2BC910C400CC5373 /* Chatgpt-appTests */ = {
			isa = PBXNativeTarget;
			buildConfigurationList = B9EBDC152BC910C400CC5373 /* Build configuration list for PBXNativeTarget "Chatgpt-appTests" */;
			buildPhases = (
				B9EBDBFA2BC910C400CC5373 /* Sources */,
				B9EBDBFB2BC910C400CC5373 /* Frameworks */,
				B9EBDBFC2BC910C400CC5373 /* Resources */,
			);
			buildRules = (
			);
			dependencies = (
				B9EBDC002BC910C400CC5373 /* PBXTargetDependency */,
			);
			name = "Chatgpt-appTests";
			productName = "Chatgpt-appTests";
			productReference = B9EBDBFE2BC910C400CC5373 /* Chatgpt-appTests.xctest */;
			productType = "com.apple.product-type.bundle.unit-test";
		};
		B9EBDC072BC910C400CC5373 /* Chatgpt-appUITests */ = {
			isa = PBXNativeTarget;
			buildConfigurationList = B9EBDC182BC910C400CC5373 /* Build configuration list for PBXNativeTarget "Chatgpt-appUITests" */;
			buildPhases = (
				B9EBDC042BC910C400CC5373 /* Sources */,
				B9EBDC052BC910C400CC5373 /* Frameworks */,
				B9EBDC062BC910C400CC5373 /* Resources */,
			);
			buildRules = (
			);
			dependencies = (
				B9EBDC0A2BC910C400CC5373 /* PBXTargetDependency */,
			);
			name = "Chatgpt-appUITests";
			productName = "Chatgpt-appUITests";
			productReference = B9EBDC082BC910C400CC5373 /* Chatgpt-appUITests.xctest */;
			productType = "com.apple.product-type.bundle.ui-testing";
		};
/* End PBXNativeTarget section */

/* Begin PBXProject section */
		B9EBDBE62BC910C100CC5373 /* Project object */ = {
			isa = PBXProject;
			attributes = {
				BuildIndependentTargetsInParallel = 1;
				LastSwiftUpdateCheck = 1530;
				LastUpgradeCheck = 1530;
				TargetAttributes = {
					B9EBDBED2BC910C100CC5373 = {
						CreatedOnToolsVersion = 15.3;
					};
					B9EBDBFD2BC910C400CC5373 = {
						CreatedOnToolsVersion = 15.3;
						TestTargetID = B9EBDBED2BC910C100CC5373;
					};
					B9EBDC072BC910C400CC5373 = {
						CreatedOnToolsVersion = 15.3;
						TestTargetID = B9EBDBED2BC910C100CC5373;
					};
				};
			};
			buildConfigurationList = B9EBDBE92BC910C100CC5373 /* Build configuration list for PBXProject "Chatgpt-app" */;
			compatibilityVersion = "Xcode 14.0";
			developmentRegion = en;
			hasScannedForEncodings = 0;
			knownRegions = (
				en,
				Base,
			);
			mainGroup = B9EBDBE52BC910C100CC5373;
			productRefGroup = B9EBDBEF2BC910C100CC5373 /* Products */;
			projectDirPath = "";
			projectRoot = "";
			targets = (
				B9EBDBED2BC910C100CC5373 /* Chatgpt-app */,
				B9EBDBFD2BC910C400CC5373 /* Chatgpt-appTests */,
				B9EBDC072BC910C400CC5373 /* Chatgpt-appUITests */,
			);
		};
/* End PBXProject section */

/* Begin PBXResourcesBuildPhase section */
		B9EBDBEC2BC910C100CC5373 /* Resources */ = {
			isa = PBXResourcesBuildPhase;
			buildActionMask = 2147483647;
			files = (
				B9EBDBF92BC910C400CC5373 /* Preview Assets.xcassets in Resources */,
				B9EBDBF62BC910C400CC5373 /* Assets.xcassets in Resources */,
			);
			runOnlyForDeploymentPostprocessing = 0;
		};
		B9EBDBFC2BC910C400CC5373 /* Resources */ = {
			isa = PBXResourcesBuildPhase;
			buildActionMask = 2147483647;
			files = (
			);
			runOnlyForDeploymentPostprocessing = 0;
		};
		B9EBDC062BC910C400CC5373 /* Resources */ = {
			isa = PBXResourcesBuildPhase;
			buildActionMask = 2147483647;
			files = (
			);
			runOnlyForDeploymentPostprocessing = 0;
		};
/* End PBXResourcesBuildPhase section */

/* Begin PBXSourcesBuildPhase section */
		B9EBDBEA2BC910C100CC5373 /* Sources */ = {
			isa = PBXSourcesBuildPhase;
			buildActionMask = 2147483647;
			files = (
				B9EBDBF42BC910C100CC5373 /* ContentView.swift in Sources */,
				B9EBDC212BC913DE00CC5373 /* HomeScreen.swift in Sources */,
				B9EBDBF22BC910C100CC5373 /* Chatgpt_appApp.swift in Sources */,
				B9EBDC252BC9143100CC5373 /* MovieCard.swift in Sources */,
				B9EBDC1D2BC9136A00CC5373 /* Movie.swift in Sources */,
				B9EBDC232BC9140D00CC5373 /* WatchlistView.swift in Sources */,
				B9EBDC292BC91A8400CC5373 /* MovieDetailsView.swift in Sources */,
				B9EBDC1F2BC9139300CC5373 /* MovieViewModel.swift in Sources */,
			);
			runOnlyForDeploymentPostprocessing = 0;
		};
		B9EBDBFA2BC910C400CC5373 /* Sources */ = {
			isa = PBXSourcesBuildPhase;
			buildActionMask = 2147483647;
			files = (
				B9EBDC032BC910C400CC5373 /* Chatgpt_appTests.swift in Sources */,
			);
			runOnlyForDeploymentPostprocessing = 0;
		};
		B9EBDC042BC910C400CC5373 /* Sources */ = {
			isa = PBXSourcesBuildPhase;
			buildActionMask = 2147483647;
			files = (
				B9EBDC0F2BC910C400CC5373 /* Chatgpt_appUITestsLaunchTests.swift in Sources */,
				B9EBDC0D2BC910C400CC5373 /* Chatgpt_appUITests.swift in Sources */,
			);
			runOnlyForDeploymentPostprocessing = 0;
		};
/* End PBXSourcesBuildPhase section */

/* Begin PBXTargetDependency section */
		B9EBDC002BC910C400CC5373 /* PBXTargetDependency */ = {
			isa = PBXTargetDependency;
			target = B9EBDBED2BC910C100CC5373 /* Chatgpt-app */;
			targetProxy = B9EBDBFF2BC910C400CC5373 /* PBXContainerItemProxy */;
		};
		B9EBDC0A2BC910C400CC5373 /* PBXTargetDependency */ = {
			isa = PBXTargetDependency;
			target = B9EBDBED2BC910C100CC5373 /* Chatgpt-app */;
			targetProxy = B9EBDC092BC910C400CC5373 /* PBXContainerItemProxy */;
		};
/* End PBXTargetDependency section */

/* Begin XCBuildConfiguration section */
		B9EBDC102BC910C400CC5373 /* Debug */ = {
			isa = XCBuildConfiguration;
			buildSettings = {
				ALWAYS_SEARCH_USER_PATHS = NO;
				ASSETCATALOG_COMPILER_GENERATE_SWIFT_ASSET_SYMBOL_EXTENSIONS = YES;
				CLANG_ANALYZER_NONNULL = YES;
				CLANG_ANALYZER_NUMBER_OBJECT_CONVERSION = YES_AGGRESSIVE;
				CLANG_CXX_LANGUAGE_STANDARD = "gnu++20";
				CLANG_ENABLE_MODULES = YES;
				CLANG_ENABLE_OBJC_ARC = YES;
				CLANG_ENABLE_OBJC_WEAK = YES;
				CLANG_WARN_BLOCK_CAPTURE_AUTORELEASING = YES;
				CLANG_WARN_BOOL_CONVERSION = YES;
				CLANG_WARN_COMMA = YES;
				CLANG_WARN_CONSTANT_CONVERSION = YES;
				CLANG_WARN_DEPRECATED_OBJC_IMPLEMENTATIONS = YES;
				CLANG_WARN_DIRECT_OBJC_ISA_USAGE = YES_ERROR;
				CLANG_WARN_DOCUMENTATION_COMMENTS = YES;
				CLANG_WARN_EMPTY_BODY = YES;
				CLANG_WARN_ENUM_CONVERSION = YES;
				CLANG_WARN_INFINITE_RECURSION = YES;
				CLANG_WARN_INT_CONVERSION = YES;
				CLANG_WARN_NON_LITERAL_NULL_CONVERSION = YES;
				CLANG_WARN_OBJC_IMPLICIT_RETAIN_SELF = YES;
				CLANG_WARN_OBJC_LITERAL_CONVERSION = YES;
				CLANG_WARN_OBJC_ROOT_CLASS = YES_ERROR;
				CLANG_WARN_QUOTED_INCLUDE_IN_FRAMEWORK_HEADER = YES;
				CLANG_WARN_RANGE_LOOP_ANALYSIS = YES;
				CLANG_WARN_STRICT_PROTOTYPES = YES;
				CLANG_WARN_SUSPICIOUS_MOVE = YES;
				CLANG_WARN_UNGUARDED_AVAILABILITY = YES_AGGRESSIVE;
				CLANG_WARN_UNREACHABLE_CODE = YES;
				CLANG_WARN__DUPLICATE_METHOD_MATCH = YES;
				COPY_PHASE_STRIP = NO;
				DEBUG_INFORMATION_FORMAT = dwarf;
				ENABLE_STRICT_OBJC_MSGSEND = YES;
				ENABLE_TESTABILITY = YES;
				ENABLE_USER_SCRIPT_SANDBOXING = YES;
				GCC_C_LANGUAGE_STANDARD = gnu17;
				GCC_DYNAMIC_NO_PIC = NO;
				GCC_NO_COMMON_BLOCKS = YES;
				GCC_OPTIMIZATION_LEVEL = 0;
				GCC_PREPROCESSOR_DEFINITIONS = (
					"DEBUG=1",
					"$(inherited)",
				);
				GCC_WARN_64_TO_32_BIT_CONVERSION = YES;
				GCC_WARN_ABOUT_RETURN_TYPE = YES_ERROR;
				GCC_WARN_UNDECLARED_SELECTOR = YES;
				GCC_WARN_UNINITIALIZED_AUTOS = YES_AGGRESSIVE;
				GCC_WARN_UNUSED_FUNCTION = YES;
				GCC_WARN_UNUSED_VARIABLE = YES;
				IPHONEOS_DEPLOYMENT_TARGET = 17.4;
				LOCALIZATION_PREFERS_STRING_CATALOGS = YES;
				MTL_ENABLE_DEBUG_INFO = INCLUDE_SOURCE;
				MTL_FAST_MATH = YES;
				ONLY_ACTIVE_ARCH = YES;
				SDKROOT = iphoneos;
				SWIFT_ACTIVE_COMPILATION_CONDITIONS = "DEBUG $(inherited)";
				SWIFT_OPTIMIZATION_LEVEL = "-Onone";
			};
			name = Debug;
		};
		B9EBDC112BC910C400CC5373 /* Release */ = {
			isa = XCBuildConfiguration;
			buildSettings = {
				ALWAYS_SEARCH_USER_PATHS = NO;
				ASSETCATALOG_COMPILER_GENERATE_SWIFT_ASSET_SYMBOL_EXTENSIONS = YES;
				CLANG_ANALYZER_NONNULL = YES;
				CLANG_ANALYZER_NUMBER_OBJECT_CONVERSION = YES_AGGRESSIVE;
				CLANG_CXX_LANGUAGE_STANDARD = "gnu++20";
				CLANG_ENABLE_MODULES = YES;
				CLANG_ENABLE_OBJC_ARC = YES;
				CLANG_ENABLE_OBJC_WEAK = YES;
				CLANG_WARN_BLOCK_CAPTURE_AUTORELEASING = YES;
				CLANG_WARN_BOOL_CONVERSION = YES;
				CLANG_WARN_COMMA = YES;
				CLANG_WARN_CONSTANT_CONVERSION = YES;
				CLANG_WARN_DEPRECATED_OBJC_IMPLEMENTATIONS = YES;
				CLANG_WARN_DIRECT_OBJC_ISA_USAGE = YES_ERROR;
				CLANG_WARN_DOCUMENTATION_COMMENTS = YES;
				CLANG_WARN_EMPTY_BODY = YES;
				CLANG_WARN_ENUM_CONVERSION = YES;
				CLANG_WARN_INFINITE_RECURSION = YES;
				CLANG_WARN_INT_CONVERSION = YES;
				CLANG_WARN_NON_LITERAL_NULL_CONVERSION = YES;
				CLANG_WARN_OBJC_IMPLICIT_RETAIN_SELF = YES;
				CLANG_WARN_OBJC_LITERAL_CONVERSION = YES;
				CLANG_WARN_OBJC_ROOT_CLASS = YES_ERROR;
				CLANG_WARN_QUOTED_INCLUDE_IN_FRAMEWORK_HEADER = YES;
				CLANG_WARN_RANGE_LOOP_ANALYSIS = YES;
				CLANG_WARN_STRICT_PROTOTYPES = YES;
				CLANG_WARN_SUSPICIOUS_MOVE = YES;
				CLANG_WARN_UNGUARDED_AVAILABILITY = YES_AGGRESSIVE;
				CLANG_WARN_UNREACHABLE_CODE = YES;
				CLANG_WARN__DUPLICATE_METHOD_MATCH = YES;
				COPY_PHASE_STRIP = NO;
				DEBUG_INFORMATION_FORMAT = "dwarf-with-dsym";
				ENABLE_NS_ASSERTIONS = NO;
				ENABLE_STRICT_OBJC_MSGSEND = YES;
				ENABLE_USER_SCRIPT_SANDBOXING = YES;
				GCC_C_LANGUAGE_STANDARD = gnu17;
				GCC_NO_COMMON_BLOCKS = YES;
				GCC_WARN_64_TO_32_BIT_CONVERSION = YES;
				GCC_WARN_ABOUT_RETURN_TYPE = YES_ERROR;
				GCC_WARN_UNDECLARED_SELECTOR = YES;
				GCC_WARN_UNINITIALIZED_AUTOS = YES_AGGRESSIVE;
				GCC_WARN_UNUSED_FUNCTION = YES;
				GCC_WARN_UNUSED_VARIABLE = YES;
				IPHONEOS_DEPLOYMENT_TARGET = 17.4;
				LOCALIZATION_PREFERS_STRING_CATALOGS = YES;
				MTL_ENABLE_DEBUG_INFO = NO;
				MTL_FAST_MATH = YES;
				SDKROOT = iphoneos;
				SWIFT_COMPILATION_MODE = wholemodule;
				VALIDATE_PRODUCT = YES;
			};
			name = Release;
		};
		B9EBDC132BC910C400CC5373 /* Debug */ = {
			isa = XCBuildConfiguration;
			buildSettings = {
				ASSETCATALOG_COMPILER_APPICON_NAME = AppIcon;
				ASSETCATALOG_COMPILER_GLOBAL_ACCENT_COLOR_NAME = AccentColor;
				CODE_SIGN_STYLE = Automatic;
				CURRENT_PROJECT_VERSION = 1;
				DEVELOPMENT_ASSET_PATHS = "\"Chatgpt-app/Preview Content\"";
				ENABLE_PREVIEWS = YES;
				GENERATE_INFOPLIST_FILE = YES;
				INFOPLIST_KEY_UIApplicationSceneManifest_Generation = YES;
				INFOPLIST_KEY_UIApplicationSupportsIndirectInputEvents = YES;
				INFOPLIST_KEY_UILaunchScreen_Generation = YES;
				INFOPLIST_KEY_UISupportedInterfaceOrientations_iPad = "UIInterfaceOrientationPortrait UIInterfaceOrientationPortraitUpsideDown UIInterfaceOrientationLandscapeLeft UIInterfaceOrientationLandscapeRight";
				INFOPLIST_KEY_UISupportedInterfaceOrientations_iPhone = "UIInterfaceOrientationPortrait UIInterfaceOrientationLandscapeLeft UIInterfaceOrientationLandscapeRight";
				LD_RUNPATH_SEARCH_PATHS = (
					"$(inherited)",
					"@executable_path/Frameworks",
				);
				MARKETING_VERSION = 1.0;
				PRODUCT_BUNDLE_IDENTIFIER = "Jonathan.kilit.ChatGPT.Chatgpt-app";
				PRODUCT_NAME = "$(TARGET_NAME)";
				SWIFT_EMIT_LOC_STRINGS = YES;
				SWIFT_VERSION = 5.0;
				TARGETED_DEVICE_FAMILY = "1,2";
			};
			name = Debug;
		};
		B9EBDC142BC910C400CC5373 /* Release */ = {
			isa = XCBuildConfiguration;
			buildSettings = {
				ASSETCATALOG_COMPILER_APPICON_NAME = AppIcon;
				ASSETCATALOG_COMPILER_GLOBAL_ACCENT_COLOR_NAME = AccentColor;
				CODE_SIGN_STYLE = Automatic;
				CURRENT_PROJECT_VERSION = 1;
				DEVELOPMENT_ASSET_PATHS = "\"Chatgpt-app/Preview Content\"";
				ENABLE_PREVIEWS = YES;
				GENERATE_INFOPLIST_FILE = YES;
				INFOPLIST_KEY_UIApplicationSceneManifest_Generation = YES;
				INFOPLIST_KEY_UIApplicationSupportsIndirectInputEvents = YES;
				INFOPLIST_KEY_UILaunchScreen_Generation = YES;
				INFOPLIST_KEY_UISupportedInterfaceOrientations_iPad = "UIInterfaceOrientationPortrait UIInterfaceOrientationPortraitUpsideDown UIInterfaceOrientationLandscapeLeft UIInterfaceOrientationLandscapeRight";
				INFOPLIST_KEY_UISupportedInterfaceOrientations_iPhone = "UIInterfaceOrientationPortrait UIInterfaceOrientationLandscapeLeft UIInterfaceOrientationLandscapeRight";
				LD_RUNPATH_SEARCH_PATHS = (
					"$(inherited)",
					"@executable_path/Frameworks",
				);
				MARKETING_VERSION = 1.0;
				PRODUCT_BUNDLE_IDENTIFIER = "Jonathan.kilit.ChatGPT.Chatgpt-app";
				PRODUCT_NAME = "$(TARGET_NAME)";
				SWIFT_EMIT_LOC_STRINGS = YES;
				SWIFT_VERSION = 5.0;
				TARGETED_DEVICE_FAMILY = "1,2";
			};
			name = Release;
		};
		B9EBDC162BC910C400CC5373 /* Debug */ = {
			isa = XCBuildConfiguration;
			buildSettings = {
				ALWAYS_EMBED_SWIFT_STANDARD_LIBRARIES = YES;
				BUNDLE_LOADER = "$(TEST_HOST)";
				CODE_SIGN_STYLE = Automatic;
				CURRENT_PROJECT_VERSION = 1;
				GENERATE_INFOPLIST_FILE = YES;
				IPHONEOS_DEPLOYMENT_TARGET = 17.4;
				MARKETING_VERSION = 1.0;
				PRODUCT_BUNDLE_IDENTIFIER = "Jonathan.kilit.ChatGPT.Chatgpt-appTests";
				PRODUCT_NAME = "$(TARGET_NAME)";
				SWIFT_EMIT_LOC_STRINGS = NO;
				SWIFT_VERSION = 5.0;
				TARGETED_DEVICE_FAMILY = "1,2";
				TEST_HOST = "$(BUILT_PRODUCTS_DIR)/Chatgpt-app.app/$(BUNDLE_EXECUTABLE_FOLDER_PATH)/Chatgpt-app";
			};
			name = Debug;
		};
		B9EBDC172BC910C400CC5373 /* Release */ = {
			isa = XCBuildConfiguration;
			buildSettings = {
				ALWAYS_EMBED_SWIFT_STANDARD_LIBRARIES = YES;
				BUNDLE_LOADER = "$(TEST_HOST)";
				CODE_SIGN_STYLE = Automatic;
				CURRENT_PROJECT_VERSION = 1;
				GENERATE_INFOPLIST_FILE = YES;
				IPHONEOS_DEPLOYMENT_TARGET = 17.4;
				MARKETING_VERSION = 1.0;
				PRODUCT_BUNDLE_IDENTIFIER = "Jonathan.kilit.ChatGPT.Chatgpt-appTests";
				PRODUCT_NAME = "$(TARGET_NAME)";
				SWIFT_EMIT_LOC_STRINGS = NO;
				SWIFT_VERSION = 5.0;
				TARGETED_DEVICE_FAMILY = "1,2";
				TEST_HOST = "$(BUILT_PRODUCTS_DIR)/Chatgpt-app.app/$(BUNDLE_EXECUTABLE_FOLDER_PATH)/Chatgpt-app";
			};
			name = Release;
		};
		B9EBDC192BC910C400CC5373 /* Debug */ = {
			isa = XCBuildConfiguration;
			buildSettings = {
				ALWAYS_EMBED_SWIFT_STANDARD_LIBRARIES = YES;
				CODE_SIGN_STYLE = Automatic;
				CURRENT_PROJECT_VERSION = 1;
				GENERATE_INFOPLIST_FILE = YES;
				MARKETING_VERSION = 1.0;
				PRODUCT_BUNDLE_IDENTIFIER = "Jonathan.kilit.ChatGPT.Chatgpt-appUITests";
				PRODUCT_NAME = "$(TARGET_NAME)";
				SWIFT_EMIT_LOC_STRINGS = NO;
				SWIFT_VERSION = 5.0;
				TARGETED_DEVICE_FAMILY = "1,2";
				TEST_TARGET_NAME = "Chatgpt-app";
			};
			name = Debug;
		};
		B9EBDC1A2BC910C400CC5373 /* Release */ = {
			isa = XCBuildConfiguration;
			buildSettings = {
				ALWAYS_EMBED_SWIFT_STANDARD_LIBRARIES = YES;
				CODE_SIGN_STYLE = Automatic;
				CURRENT_PROJECT_VERSION = 1;
				GENERATE_INFOPLIST_FILE = YES;
				MARKETING_VERSION = 1.0;
				PRODUCT_BUNDLE_IDENTIFIER = "Jonathan.kilit.ChatGPT.Chatgpt-appUITests";
				PRODUCT_NAME = "$(TARGET_NAME)";
				SWIFT_EMIT_LOC_STRINGS = NO;
				SWIFT_VERSION = 5.0;
				TARGETED_DEVICE_FAMILY = "1,2";
				TEST_TARGET_NAME = "Chatgpt-app";
			};
			name = Release;
		};
/* End XCBuildConfiguration section */

/* Begin XCConfigurationList section */
		B9EBDBE92BC910C100CC5373 /* Build configuration list for PBXProject "Chatgpt-app" */ = {
			isa = XCConfigurationList;
			buildConfigurations = (
				B9EBDC102BC910C400CC5373 /* Debug */,
				B9EBDC112BC910C400CC5373 /* Release */,
			);
			defaultConfigurationIsVisible = 0;
			defaultConfigurationName = Release;
		};
		B9EBDC122BC910C400CC5373 /* Build configuration list for PBXNativeTarget "Chatgpt-app" */ = {
			isa = XCConfigurationList;
			buildConfigurations = (
				B9EBDC132BC910C400CC5373 /* Debug */,
				B9EBDC142BC910C400CC5373 /* Release */,
			);
			defaultConfigurationIsVisible = 0;
			defaultConfigurationName = Release;
		};
		B9EBDC152BC910C400CC5373 /* Build configuration list for PBXNativeTarget "Chatgpt-appTests" */ = {
			isa = XCConfigurationList;
			buildConfigurations = (
				B9EBDC162BC910C400CC5373 /* Debug */,
				B9EBDC172BC910C400CC5373 /* Release */,
			);
			defaultConfigurationIsVisible = 0;
			defaultConfigurationName = Release;
		};
		B9EBDC182BC910C400CC5373 /* Build configuration list for PBXNativeTarget "Chatgpt-appUITests" */ = {
			isa = XCConfigurationList;
			buildConfigurations = (
				B9EBDC192BC910C400CC5373 /* Debug */,
				B9EBDC1A2BC910C400CC5373 /* Release */,
			);
			defaultConfigurationIsVisible = 0;
			defaultConfigurationName = Release;
		};
/* End XCConfigurationList section */
	};
	rootObject = B9EBDBE62BC910C100CC5373 /* Project object */;
}
